
Microsoft Visual Studio Solution File, Format Version 12.00
# Visual Studio 2013
VisualStudioVersion = 12.0.31101.0
MinimumVisualStudioVersion = 10.0.40219.1
Project("{FAE04EC0-301F-11D3-BF4B-00C04F79EFBC}") = "Camera_Test.WinPhone", "Camera Test\Camera_Test.WinPhone\Camera_Test.WinPhone.csproj", "{498FB126-B908-47CD-B4A4-533652A44CBE}"
EndProject
Project("{FAE04EC0-301F-11D3-BF4B-00C04F79EFBC}") = "Camera_Test.iOS", "Camera Test\Camera_Test.iOS\Camera_Test.iOS.csproj", "{09389F6A-54AB-4100-A4A5-59AD0694E4DC}"
EndProject
Project("{FAE04EC0-301F-11D3-BF4B-00C04F79EFBC}") = "Camera_Test.Droid", "Camera Test\Camera_Test.Droid\Camera_Test.Droid.csproj", "{F3566361-9D9E-420A-9E85-385F261C8F9E}"
EndProject
Project("{D954291E-2A0B-460D-934E-DC6B0785DB48}") = "Camera_Test", "Camera Test\Camera_Test\Camera_Test.shproj", "{6C9CF987-7F3B-4367-AD61-7B947D2A93D2}"
EndProject
Global
	GlobalSection(SharedMSBuildProjectFiles) = preSolution
		Camera Test\Camera_Test\Camera_Test.projitems*{09389f6a-54ab-4100-a4a5-59ad0694e4dc}*SharedItemsImports = 4
		Camera Test\Camera_Test\Camera_Test.projitems*{f3566361-9d9e-420a-9e85-385f261c8f9e}*SharedItemsImports = 4
		Camera Test\Camera_Test\Camera_Test.projitems*{6c9cf987-7f3b-4367-ad61-7b947d2a93d2}*SharedItemsImports = 13
	EndGlobalSection
	GlobalSection(SolutionConfigurationPlatforms) = preSolution
		Ad-Hoc|Any CPU = Ad-Hoc|Any CPU
		Ad-Hoc|ARM = Ad-Hoc|ARM
		Ad-Hoc|iPhone = Ad-Hoc|iPhone
		Ad-Hoc|iPhoneSimulator = Ad-Hoc|iPhoneSimulator
		Ad-Hoc|Mixed Platforms = Ad-Hoc|Mixed Platforms
		Ad-Hoc|x86 = Ad-Hoc|x86
		AppStore|Any CPU = AppStore|Any CPU
		AppStore|ARM = AppStore|ARM
		AppStore|iPhone = AppStore|iPhone
		AppStore|iPhoneSimulator = AppStore|iPhoneSimulator
		AppStore|Mixed Platforms = AppStore|Mixed Platforms
		AppStore|x86 = AppStore|x86
		Debug|Any CPU = Debug|Any CPU
		Debug|ARM = Debug|ARM
		Debug|iPhone = Debug|iPhone
		Debug|iPhoneSimulator = Debug|iPhoneSimulator
		Debug|Mixed Platforms = Debug|Mixed Platforms
		Debug|x86 = Debug|x86
		Release|Any CPU = Release|Any CPU
		Release|ARM = Release|ARM
		Release|iPhone = Release|iPhone
		Release|iPhoneSimulator = Release|iPhoneSimulator
		Release|Mixed Platforms = Release|Mixed Platforms
		Release|x86 = Release|x86
	EndGlobalSection
	GlobalSection(ProjectConfigurationPlatforms) = postSolution
		{498FB126-B908-47CD-B4A4-533652A44CBE}.Ad-Hoc|Any CPU.ActiveCfg = Release|Any CPU
		{498FB126-B908-47CD-B4A4-533652A44CBE}.Ad-Hoc|Any CPU.Build.0 = Release|Any CPU
		{498FB126-B908-47CD-B4A4-533652A44CBE}.Ad-Hoc|Any CPU.Deploy.0 = Release|Any CPU
		{498FB126-B908-47CD-B4A4-533652A44CBE}.Ad-Hoc|ARM.ActiveCfg = Release|ARM
		{498FB126-B908-47CD-B4A4-533652A44CBE}.Ad-Hoc|ARM.Build.0 = Release|ARM
		{498FB126-B908-47CD-B4A4-533652A44CBE}.Ad-Hoc|ARM.Deploy.0 = Release|ARM
		{498FB126-B908-47CD-B4A4-533652A44CBE}.Ad-Hoc|iPhone.ActiveCfg = Release|Any CPU
		{498FB126-B908-47CD-B4A4-533652A44CBE}.Ad-Hoc|iPhoneSimulator.ActiveCfg = Release|Any CPU
		{498FB126-B908-47CD-B4A4-533652A44CBE}.Ad-Hoc|Mixed Platforms.ActiveCfg = Release|x86
		{498FB126-B908-47CD-B4A4-533652A44CBE}.Ad-Hoc|Mixed Platforms.Build.0 = Release|x86
		{498FB126-B908-47CD-B4A4-533652A44CBE}.Ad-Hoc|Mixed Platforms.Deploy.0 = Release|x86
		{498FB126-B908-47CD-B4A4-533652A44CBE}.Ad-Hoc|x86.ActiveCfg = Release|x86
		{498FB126-B908-47CD-B4A4-533652A44CBE}.Ad-Hoc|x86.Build.0 = Release|x86
		{498FB126-B908-47CD-B4A4-533652A44CBE}.Ad-Hoc|x86.Deploy.0 = Release|x86
		{498FB126-B908-47CD-B4A4-533652A44CBE}.AppStore|Any CPU.ActiveCfg = Release|Any CPU
		{498FB126-B908-47CD-B4A4-533652A44CBE}.AppStore|Any CPU.Build.0 = Release|Any CPU
		{498FB126-B908-47CD-B4A4-533652A44CBE}.AppStore|Any CPU.Deploy.0 = Release|Any CPU
		{498FB126-B908-47CD-B4A4-533652A44CBE}.AppStore|ARM.ActiveCfg = Release|ARM
		{498FB126-B908-47CD-B4A4-533652A44CBE}.AppStore|ARM.Build.0 = Release|ARM
		{498FB126-B908-47CD-B4A4-533652A44CBE}.AppStore|ARM.Deploy.0 = Release|ARM
		{498FB126-B908-47CD-B4A4-533652A44CBE}.AppStore|iPhone.ActiveCfg = Release|Any CPU
		{498FB126-B908-47CD-B4A4-533652A44CBE}.AppStore|iPhoneSimulator.ActiveCfg = Release|Any CPU
		{498FB126-B908-47CD-B4A4-533652A44CBE}.AppStore|Mixed Platforms.ActiveCfg = Release|x86
		{498FB126-B908-47CD-B4A4-533652A44CBE}.AppStore|Mixed Platforms.Build.0 = Release|x86
		{498FB126-B908-47CD-B4A4-533652A44CBE}.AppStore|Mixed Platforms.Deploy.0 = Release|x86
		{498FB126-B908-47CD-B4A4-533652A44CBE}.AppStore|x86.ActiveCfg = Release|x86
		{498FB126-B908-47CD-B4A4-533652A44CBE}.AppStore|x86.Build.0 = Release|x86
		{498FB126-B908-47CD-B4A4-533652A44CBE}.AppStore|x86.Deploy.0 = Release|x86
		{498FB126-B908-47CD-B4A4-533652A44CBE}.Debug|Any CPU.ActiveCfg = Debug|Any CPU
		{498FB126-B908-47CD-B4A4-533652A44CBE}.Debug|Any CPU.Build.0 = Debug|Any CPU
		{498FB126-B908-47CD-B4A4-533652A44CBE}.Debug|Any CPU.Deploy.0 = Debug|Any CPU
		{498FB126-B908-47CD-B4A4-533652A44CBE}.Debug|ARM.ActiveCfg = Debug|ARM
		{498FB126-B908-47CD-B4A4-533652A44CBE}.Debug|ARM.Build.0 = Debug|ARM
		{498FB126-B908-47CD-B4A4-533652A44CBE}.Debug|ARM.Deploy.0 = Debug|ARM
		{498FB126-B908-47CD-B4A4-533652A44CBE}.Debug|iPhone.ActiveCfg = Debug|Any CPU
		{498FB126-B908-47CD-B4A4-533652A44CBE}.Debug|iPhoneSimulator.ActiveCfg = Debug|Any CPU
		{498FB126-B908-47CD-B4A4-533652A44CBE}.Debug|Mixed Platforms.ActiveCfg = Debug|x86
		{498FB126-B908-47CD-B4A4-533652A44CBE}.Debug|Mixed Platforms.Build.0 = Debug|x86
		{498FB126-B908-47CD-B4A4-533652A44CBE}.Debug|Mixed Platforms.Deploy.0 = Debug|x86
		{498FB126-B908-47CD-B4A4-533652A44CBE}.Debug|x86.ActiveCfg = Debug|x86
		{498FB126-B908-47CD-B4A4-533652A44CBE}.Debug|x86.Build.0 = Debug|x86
		{498FB126-B908-47CD-B4A4-533652A44CBE}.Debug|x86.Deploy.0 = Debug|x86
		{498FB126-B908-47CD-B4A4-533652A44CBE}.Release|Any CPU.ActiveCfg = Release|Any CPU
		{498FB126-B908-47CD-B4A4-533652A44CBE}.Release|Any CPU.Build.0 = Release|Any CPU
		{498FB126-B908-47CD-B4A4-533652A44CBE}.Release|Any CPU.Deploy.0 = Release|Any CPU
		{498FB126-B908-47CD-B4A4-533652A44CBE}.Release|ARM.ActiveCfg = Release|ARM
		{498FB126-B908-47CD-B4A4-533652A44CBE}.Release|ARM.Build.0 = Release|ARM
		{498FB126-B908-47CD-B4A4-533652A44CBE}.Release|ARM.Deploy.0 = Release|ARM
		{498FB126-B908-47CD-B4A4-533652A44CBE}.Release|iPhone.ActiveCfg = Release|Any CPU
		{498FB126-B908-47CD-B4A4-533652A44CBE}.Release|iPhoneSimulator.ActiveCfg = Release|Any CPU
		{498FB126-B908-47CD-B4A4-533652A44CBE}.Release|Mixed Platforms.ActiveCfg = Release|x86
		{498FB126-B908-47CD-B4A4-533652A44CBE}.Release|Mixed Platforms.Build.0 = Release|x86
		{498FB126-B908-47CD-B4A4-533652A44CBE}.Release|Mixed Platforms.Deploy.0 = Release|x86
		{498FB126-B908-47CD-B4A4-533652A44CBE}.Release|x86.ActiveCfg = Release|x86
		{498FB126-B908-47CD-B4A4-533652A44CBE}.Release|x86.Build.0 = Release|x86
		{498FB126-B908-47CD-B4A4-533652A44CBE}.Release|x86.Deploy.0 = Release|x86
		{09389F6A-54AB-4100-A4A5-59AD0694E4DC}.Ad-Hoc|Any CPU.ActiveCfg = Ad-Hoc|iPhone
		{09389F6A-54AB-4100-A4A5-59AD0694E4DC}.Ad-Hoc|ARM.ActiveCfg = Ad-Hoc|iPhone
		{09389F6A-54AB-4100-A4A5-59AD0694E4DC}.Ad-Hoc|iPhone.ActiveCfg = Ad-Hoc|iPhone
		{09389F6A-54AB-4100-A4A5-59AD0694E4DC}.Ad-Hoc|iPhone.Build.0 = Ad-Hoc|iPhone
		{09389F6A-54AB-4100-A4A5-59AD0694E4DC}.Ad-Hoc|iPhoneSimulator.ActiveCfg = Ad-Hoc|iPhoneSimulator
		{09389F6A-54AB-4100-A4A5-59AD0694E4DC}.Ad-Hoc|iPhoneSimulator.Build.0 = Ad-Hoc|iPhoneSimulator
		{09389F6A-54AB-4100-A4A5-59AD0694E4DC}.Ad-Hoc|Mixed Platforms.ActiveCfg = Ad-Hoc|iPhone
		{09389F6A-54AB-4100-A4A5-59AD0694E4DC}.Ad-Hoc|Mixed Platforms.Build.0 = Ad-Hoc|iPhone
		{09389F6A-54AB-4100-A4A5-59AD0694E4DC}.Ad-Hoc|x86.ActiveCfg = Ad-Hoc|iPhone
		{09389F6A-54AB-4100-A4A5-59AD0694E4DC}.AppStore|Any CPU.ActiveCfg = AppStore|iPhone
		{09389F6A-54AB-4100-A4A5-59AD0694E4DC}.AppStore|ARM.ActiveCfg = AppStore|iPhone
		{09389F6A-54AB-4100-A4A5-59AD0694E4DC}.AppStore|iPhone.ActiveCfg = AppStore|iPhone
		{09389F6A-54AB-4100-A4A5-59AD0694E4DC}.AppStore|iPhone.Build.0 = AppStore|iPhone
		{09389F6A-54AB-4100-A4A5-59AD0694E4DC}.AppStore|iPhoneSimulator.ActiveCfg = AppStore|iPhoneSimulator
		{09389F6A-54AB-4100-A4A5-59AD0694E4DC}.AppStore|iPhoneSimulator.Build.0 = AppStore|iPhoneSimulator
		{09389F6A-54AB-4100-A4A5-59AD0694E4DC}.AppStore|Mixed Platforms.ActiveCfg = AppStore|iPhone
		{09389F6A-54AB-4100-A4A5-59AD0694E4DC}.AppStore|Mixed Platforms.Build.0 = AppStore|iPhone
		{09389F6A-54AB-4100-A4A5-59AD0694E4DC}.AppStore|x86.ActiveCfg = AppStore|iPhone
		{09389F6A-54AB-4100-A4A5-59AD0694E4DC}.Debug|Any CPU.ActiveCfg = Debug|iPhone
		{09389F6A-54AB-4100-A4A5-59AD0694E4DC}.Debug|ARM.ActiveCfg = Debug|iPhone
		{09389F6A-54AB-4100-A4A5-59AD0694E4DC}.Debug|iPhone.ActiveCfg = Debug|iPhone
		{09389F6A-54AB-4100-A4A5-59AD0694E4DC}.Debug|iPhone.Build.0 = Debug|iPhone
		{09389F6A-54AB-4100-A4A5-59AD0694E4DC}.Debug|iPhoneSimulator.ActiveCfg = Debug|iPhoneSimulator
		{09389F6A-54AB-4100-A4A5-59AD0694E4DC}.Debug|iPhoneSimulator.Build.0 = Debug|iPhoneSimulator
		{09389F6A-54AB-4100-A4A5-59AD0694E4DC}.Debug|Mixed Platforms.ActiveCfg = Debug|iPhone
		{09389F6A-54AB-4100-A4A5-59AD0694E4DC}.Debug|Mixed Platforms.Build.0 = Debug|iPhone
		{09389F6A-54AB-4100-A4A5-59AD0694E4DC}.Debug|x86.ActiveCfg = Debug|iPhone
		{09389F6A-54AB-4100-A4A5-59AD0694E4DC}.Release|Any CPU.ActiveCfg = Release|iPhone
		{09389F6A-54AB-4100-A4A5-59AD0694E4DC}.Release|ARM.ActiveCfg = Release|iPhone
		{09389F6A-54AB-4100-A4A5-59AD0694E4DC}.Release|iPhone.ActiveCfg = Release|iPhone
		{09389F6A-54AB-4100-A4A5-59AD0694E4DC}.Release|iPhone.Build.0 = Release|iPhone
		{09389F6A-54AB-4100-A4A5-59AD0694E4DC}.Release|iPhoneSimulator.ActiveCfg = Release|iPhoneSimulator
		{09389F6A-54AB-4100-A4A5-59AD0694E4DC}.Release|iPhoneSimulator.Build.0 = Release|iPhoneSimulator
		{09389F6A-54AB-4100-A4A5-59AD0694E4DC}.Release|Mixed Platforms.ActiveCfg = Release|iPhone
		{09389F6A-54AB-4100-A4A5-59AD0694E4DC}.Release|Mixed Platforms.Build.0 = Release|iPhone
		{09389F6A-54AB-4100-A4A5-59AD0694E4DC}.Release|x86.ActiveCfg = Release|iPhone
		{F3566361-9D9E-420A-9E85-385F261C8F9E}.Ad-Hoc|Any CPU.ActiveCfg = Release|Any CPU
		{F3566361-9D9E-420A-9E85-385F261C8F9E}.Ad-Hoc|Any CPU.Build.0 = Release|Any CPU
		{F3566361-9D9E-420A-9E85-385F261C8F9E}.Ad-Hoc|Any CPU.Deploy.0 = Release|Any CPU
		{F3566361-9D9E-420A-9E85-385F261C8F9E}.Ad-Hoc|ARM.ActiveCfg = Release|Any CPU
		{F3566361-9D9E-420A-9E85-385F261C8F9E}.Ad-Hoc|iPhone.ActiveCfg = Release|Any CPU
		{F3566361-9D9E-420A-9E85-385F261C8F9E}.Ad-Hoc|iPhoneSimulator.ActiveCfg = Release|Any CPU
		{F3566361-9D9E-420A-9E85-385F261C8F9E}.Ad-Hoc|Mixed Platforms.ActiveCfg = Release|Any CPU
		{F3566361-9D9E-420A-9E85-385F261C8F9E}.Ad-Hoc|Mixed Platforms.Build.0 = Release|Any CPU
		{F3566361-9D9E-420A-9E85-385F261C8F9E}.Ad-Hoc|Mixed Platforms.Deploy.0 = Release|Any CPU
		{F3566361-9D9E-420A-9E85-385F261C8F9E}.Ad-Hoc|x86.ActiveCfg = Release|Any CPU
		{F3566361-9D9E-420A-9E85-385F261C8F9E}.AppStore|Any CPU.ActiveCfg = Release|Any CPU
		{F3566361-9D9E-420A-9E85-385F261C8F9E}.AppStore|Any CPU.Build.0 = Release|Any CPU
		{F3566361-9D9E-420A-9E85-385F261C8F9E}.AppStore|Any CPU.Deploy.0 = Release|Any CPU
		{F3566361-9D9E-420A-9E85-385F261C8F9E}.AppStore|ARM.ActiveCfg = Release|Any CPU
		{F3566361-9D9E-420A-9E85-385F261C8F9E}.AppStore|iPhone.ActiveCfg = Release|Any CPU
		{F3566361-9D9E-420A-9E85-385F261C8F9E}.AppStore|iPhoneSimulator.ActiveCfg = Release|Any CPU
		{F3566361-9D9E-420A-9E85-385F261C8F9E}.AppStore|Mixed Platforms.ActiveCfg = Release|Any CPU
		{F3566361-9D9E-420A-9E85-385F261C8F9E}.AppStore|Mixed Platforms.Build.0 = Release|Any CPU
		{F3566361-9D9E-420A-9E85-385F261C8F9E}.AppStore|Mixed Platforms.Deploy.0 = Release|Any CPU
		{F3566361-9D9E-420A-9E85-385F261C8F9E}.AppStore|x86.ActiveCfg = Release|Any CPU
		{F3566361-9D9E-420A-9E85-385F261C8F9E}.Debug|Any CPU.ActiveCfg = Debug|Any CPU
		{F3566361-9D9E-420A-9E85-385F261C8F9E}.Debug|Any CPU.Build.0 = Debug|Any CPU
		{F3566361-9D9E-420A-9E85-385F261C8F9E}.Debug|Any CPU.Deploy.0 = Debug|Any CPU
		{F3566361-9D9E-420A-9E85-385F261C8F9E}.Debug|ARM.ActiveCfg = Debug|Any CPU
		{F3566361-9D9E-420A-9E85-385F261C8F9E}.Debug|iPhone.ActiveCfg = Debug|Any CPU
		{F3566361-9D9E-420A-9E85-385F261C8F9E}.Debug|iPhoneSimulator.ActiveCfg = Debug|Any CPU
		{F3566361-9D9E-420A-9E85-385F261C8F9E}.Debug|Mixed Platforms.ActiveCfg = Debug|Any CPU
		{F3566361-9D9E-420A-9E85-385F261C8F9E}.Debug|Mixed Platforms.Build.0 = Debug|Any CPU
		{F3566361-9D9E-420A-9E85-385F261C8F9E}.Debug|Mixed Platforms.Deploy.0 = Debug|Any CPU
		{F3566361-9D9E-420A-9E85-385F261C8F9E}.Debug|x86.ActiveCfg = Debug|Any CPU
		{F3566361-9D9E-420A-9E85-385F261C8F9E}.Release|Any CPU.ActiveCfg = Release|Any CPU
		{F3566361-9D9E-420A-9E85-385F261C8F9E}.Release|Any CPU.Build.0 = Release|Any CPU
		{F3566361-9D9E-420A-9E85-385F261C8F9E}.Release|Any CPU.Deploy.0 = Release|Any CPU
		{F3566361-9D9E-420A-9E85-385F261C8F9E}.Release|ARM.ActiveCfg = Release|Any CPU
		{F3566361-9D9E-420A-9E85-385F261C8F9E}.Release|iPhone.ActiveCfg = Release|Any CPU
		{F3566361-9D9E-420A-9E85-385F261C8F9E}.Release|iPhoneSimulator.ActiveCfg = Release|Any CPU
		{F3566361-9D9E-420A-9E85-385F261C8F9E}.Release|Mixed Platforms.ActiveCfg = Release|Any CPU
		{F3566361-9D9E-420A-9E85-385F261C8F9E}.Release|Mixed Platforms.Build.0 = Release|Any CPU
		{F3566361-9D9E-420A-9E85-385F261C8F9E}.Release|Mixed Platforms.Deploy.0 = Release|Any CPU
		{F3566361-9D9E-420A-9E85-385F261C8F9E}.Release|x86.ActiveCfg = Release|Any CPU
	EndGlobalSection
	GlobalSection(SolutionProperties) = preSolution
		HideSolutionNode = FALSE
	EndGlobalSection
EndGlobal
